
Microsoft Visual Studio Solution File, Format Version 12.00
# Visual Studio Version 17
VisualStudioVersion = 17.9.34622.214
MinimumVisualStudioVersion = 10.0.40219.1
Project("{9A19103F-16F7-4668-BE54-9A1E7A4F7556}") = "Avancerd_.NET_Labb3", "Avancerd_.NET_Labb3\Avancerd_.NET_Labb3.csproj", "{E3AC908E-889B-48C3-B60E-A2BB05581026}"
EndProject
Project("{FAE04EC0-301F-11D3-BF4B-00C04F79EFBC}") = "Labb3_Models_", "Labb3_Models_\Labb3_Models_.csproj", "{0B36E365-F743-479F-A2AA-80BBD03DCD95}"
EndProject
Global
	GlobalSection(SolutionConfigurationPlatforms) = preSolution
		Debug|Any CPU = Debug|Any CPU
		Release|Any CPU = Release|Any CPU
	EndGlobalSection
	GlobalSection(ProjectConfigurationPlatforms) = postSolution
		{E3AC908E-889B-48C3-B60E-A2BB05581026}.Debug|Any CPU.ActiveCfg = Debug|Any CPU
		{E3AC908E-889B-48C3-B60E-A2BB05581026}.Debug|Any CPU.Build.0 = Debug|Any CPU
		{E3AC908E-889B-48C3-B60E-A2BB05581026}.Release|Any CPU.ActiveCfg = Release|Any CPU
		{E3AC908E-889B-48C3-B60E-A2BB05581026}.Release|Any CPU.Build.0 = Release|Any CPU
		{0B36E365-F743-479F-A2AA-80BBD03DCD95}.Debug|Any CPU.ActiveCfg = Debug|Any CPU
		{0B36E365-F743-479F-A2AA-80BBD03DCD95}.Debug|Any CPU.Build.0 = Debug|Any CPU
		{0B36E365-F743-479F-A2AA-80BBD03DCD95}.Release|Any CPU.ActiveCfg = Release|Any CPU
		{0B36E365-F743-479F-A2AA-80BBD03DCD95}.Release|Any CPU.Build.0 = Release|Any CPU
	EndGlobalSection
	GlobalSection(SolutionProperties) = preSolution
		HideSolutionNode = FALSE
	EndGlobalSection
	GlobalSection(ExtensibilityGlobals) = postSolution
		SolutionGuid = {A8461954-FA74-4F63-91B9-A69F051CE803}
	EndGlobalSection
EndGlobal
